{
  "version": 4,
  "terraform_version": "1.9.6",
  "serial": 51,
  "lineage": "629600cd-5c4d-8bec-7c92-f27c92acdc3c",
  "outputs": {
    "database_endpoint": {
      "value": "breiq-production-db.ck5yc4iwcs03.us-east-1.rds.amazonaws.com:5432",
      "type": "string",
      "sensitive": true
    },
    "database_password": {
      "value": "e-nTP5H2sqAtSS*\u003cPtl3",
      "type": "string",
      "sensitive": true
    },
    "deployment_info": {
      "value": {
        "environment": "production",
        "project": "breiq",
        "region": "us-east-1",
        "timestamp": "2025-09-07T13:49:23Z"
      },
      "type": [
        "object",
        {
          "environment": "string",
          "project": "string",
          "region": "string",
          "timestamp": "string"
        }
      ]
    },
    "load_balancer_dns": {
      "value": "breiq-production-alb-1540379926.us-east-1.elb.amazonaws.com",
      "type": "string"
    },
    "redis_endpoint": {
      "value": "breiq-production-redis.9dc0gt.0001.use1.cache.amazonaws.com",
      "type": "string"
    },
    "s3_bucket_name": {
      "value": "breiq-production-videos-bh3xujb8",
      "type": "string"
    },
    "vpc_id": {
      "value": "vpc-0a1cba98169422e23",
      "type": "string"
    }
  },
  "resources": [
    {
      "mode": "data",
      "type": "aws_availability_zones",
      "name": "available",
      "provider": "provider[\"registry.terraform.io/hashicorp/aws\"]",
      "instances": [
        {
          "schema_version": 0,
          "attributes": {
            "all_availability_zones": null,
            "exclude_names": null,
            "exclude_zone_ids": null,
            "filter": null,
            "group_names": [
              "us-east-1-zg-1"
            ],
            "id": "us-east-1",
            "names": [
              "us-east-1a",
              "us-east-1b",
              "us-east-1c",
              "us-east-1d",
              "us-east-1e",
              "us-east-1f"
            ],
            "state": "available",
            "timeouts": null,
            "zone_ids": [
              "use1-az1",
              "use1-az2",
              "use1-az4",
              "use1-az6",
              "use1-az3",
              "use1-az5"
            ]
          },
          "sensitive_attributes": []
        }
      ]
    },
    {
      "mode": "data",
      "type": "aws_caller_identity",
      "name": "current",
      "provider": "provider[\"registry.terraform.io/hashicorp/aws\"]",
      "instances": [
        {
          "schema_version": 0,
          "attributes": {
            "account_id": "021891607194",
            "arn": "arn:aws:iam::021891607194:user/breiq-master",
            "id": "021891607194",
            "user_id": "AIDAQKGGXNKNEAXWBFEMT"
          },
          "sensitive_attributes": []
        }
      ]
    },
    {
      "mode": "managed",
      "type": "aws_cloudwatch_log_group",
      "name": "ecs",
      "provider": "provider[\"registry.terraform.io/hashicorp/aws\"]",
      "instances": [
        {
          "schema_version": 0,
          "attributes": {
            "arn": "arn:aws:logs:us-east-1:021891607194:log-group:/ecs/breiq-production",
            "id": "/ecs/breiq-production",
            "kms_key_id": "",
            "log_group_class": "STANDARD",
            "name": "/ecs/breiq-production",
            "name_prefix": "",
            "retention_in_days": 7,
            "skip_destroy": false,
            "tags": {
              "Name": "breiq-production-logs"
            },
            "tags_all": {
              "Account": "personal",
              "Environment": "production",
              "ManagedBy": "terraform",
              "Name": "breiq-production-logs",
              "Project": "breiq",
              "Purpose": "breakdancing-mobile-platform"
            }
          },
          "sensitive_attributes": [],
          "private": "bnVsbA=="
        }
      ]
    },
    {
      "mode": "managed",
      "type": "aws_db_instance",
      "name": "main",
      "provider": "provider[\"registry.terraform.io/hashicorp/aws\"]",
      "instances": [
        {
          "schema_version": 2,
          "attributes": {
            "address": "breiq-production-db.ck5yc4iwcs03.us-east-1.rds.amazonaws.com",
            "allocated_storage": 20,
            "allow_major_version_upgrade": null,
            "apply_immediately": false,
            "arn": "arn:aws:rds:us-east-1:021891607194:db:breiq-production-db",
            "auto_minor_version_upgrade": true,
            "availability_zone": "us-east-1a",
            "backup_retention_period": 7,
            "backup_target": "region",
            "backup_window": "03:00-04:00",
            "blue_green_update": [],
            "ca_cert_identifier": "rds-ca-rsa2048-g1",
            "character_set_name": "",
            "copy_tags_to_snapshot": false,
            "custom_iam_instance_profile": "",
            "customer_owned_ip_enabled": false,
            "database_insights_mode": "standard",
            "db_name": "breiq_production",
            "db_subnet_group_name": "breiq-production-db-subnet-group",
            "dedicated_log_volume": false,
            "delete_automated_backups": true,
            "deletion_protection": false,
            "domain": "",
            "domain_auth_secret_arn": "",
            "domain_dns_ips": [],
            "domain_fqdn": "",
            "domain_iam_role_name": "",
            "domain_ou": "",
            "enabled_cloudwatch_logs_exports": [],
            "endpoint": "breiq-production-db.ck5yc4iwcs03.us-east-1.rds.amazonaws.com:5432",
            "engine": "postgres",
            "engine_lifecycle_support": "open-source-rds-extended-support",
            "engine_version": "15.8",
            "engine_version_actual": "15.8",
            "final_snapshot_identifier": null,
            "hosted_zone_id": "Z2R2ITUGPM61AM",
            "iam_database_authentication_enabled": false,
            "id": "db-TWBNNOBAGJXX3LMWQYGASZG4FQ",
            "identifier": "breiq-production-db",
            "identifier_prefix": "",
            "instance_class": "db.t4g.medium",
            "iops": 3000,
            "kms_key_id": "arn:aws:kms:us-east-1:021891607194:key/85578eb4-c16d-402c-b222-7370c630b154",
            "latest_restorable_time": "2025-09-07T13:44:31Z",
            "license_model": "postgresql-license",
            "listener_endpoint": [],
            "maintenance_window": "sun:04:00-sun:05:00",
            "manage_master_user_password": null,
            "master_user_secret": [],
            "master_user_secret_kms_key_id": null,
            "max_allocated_storage": 100,
            "monitoring_interval": 0,
            "monitoring_role_arn": "",
            "multi_az": false,
            "nchar_character_set_name": "",
            "network_type": "IPV4",
            "option_group_name": "default:postgres-15",
            "parameter_group_name": "default.postgres15",
            "password": "e-nTP5H2sqAtSS*\u003cPtl3",
            "password_wo": null,
            "password_wo_version": null,
            "performance_insights_enabled": false,
            "performance_insights_kms_key_id": "",
            "performance_insights_retention_period": 0,
            "port": 5432,
            "publicly_accessible": false,
            "replica_mode": "",
            "replicas": [],
            "replicate_source_db": "",
            "resource_id": "db-TWBNNOBAGJXX3LMWQYGASZG4FQ",
            "restore_to_point_in_time": [],
            "s3_import": [],
            "skip_final_snapshot": true,
            "snapshot_identifier": null,
            "status": "available",
            "storage_encrypted": true,
            "storage_throughput": 125,
            "storage_type": "gp3",
            "tags": {
              "Name": "breiq-production-database"
            },
            "tags_all": {
              "Account": "personal",
              "Environment": "production",
              "ManagedBy": "terraform",
              "Name": "breiq-production-database",
              "Project": "breiq",
              "Purpose": "breakdancing-mobile-platform"
            },
            "timeouts": null,
            "timezone": "",
            "upgrade_storage_config": null,
            "username": "breiq_admin",
            "vpc_security_group_ids": [
              "sg-0fbd9e404082e92f3"
            ]
          },
          "sensitive_attributes": [
            [
              {
                "type": "get_attr",
                "value": "password_wo"
              }
            ],
            [
              {
                "type": "get_attr",
                "value": "password"
              }
            ]
          ],
          "private": "eyJlMmJmYjczMC1lY2FhLTExZTYtOGY4OC0zNDM2M2JjN2M0YzAiOnsiY3JlYXRlIjozMDAwMDAwMDAwMDAwLCJkZWxldGUiOjM2MDAwMDAwMDAwMDAsInVwZGF0ZSI6NDgwMDAwMDAwMDAwMH0sInNjaGVtYV92ZXJzaW9uIjoiMiJ9",
          "dependencies": [
            "aws_db_subnet_group.main",
            "aws_security_group.alb",
            "aws_security_group.ecs",
            "aws_security_group.rds",
            "aws_subnet.private",
            "aws_vpc.main",
            "data.aws_availability_zones.available",
            "random_password.db_password"
          ]
        }
      ]
    },
    {
      "mode": "managed",
      "type": "aws_db_subnet_group",
      "name": "main",
      "provider": "provider[\"registry.terraform.io/hashicorp/aws\"]",
      "instances": [
        {
          "schema_version": 0,
          "attributes": {
            "arn": "arn:aws:rds:us-east-1:021891607194:subgrp:breiq-production-db-subnet-group",
            "description": "Managed by Terraform",
            "id": "breiq-production-db-subnet-group",
            "name": "breiq-production-db-subnet-group",
            "name_prefix": "",
            "subnet_ids": [
              "subnet-06c45c87043595399",
              "subnet-0741673b157bc4269"
            ],
            "supported_network_types": [
              "IPV4"
            ],
            "tags": {
              "Name": "breiq-production-db-subnet-group"
            },
            "tags_all": {
              "Account": "personal",
              "Environment": "production",
              "ManagedBy": "terraform",
              "Name": "breiq-production-db-subnet-group",
              "Project": "breiq",
              "Purpose": "breakdancing-mobile-platform"
            },
            "vpc_id": "vpc-0a1cba98169422e23"
          },
          "sensitive_attributes": [],
          "private": "bnVsbA==",
          "dependencies": [
            "aws_subnet.private",
            "aws_vpc.main",
            "data.aws_availability_zones.available"
          ]
        }
      ]
    },
    {
      "mode": "managed",
      "type": "aws_ecs_cluster",
      "name": "main",
      "provider": "provider[\"registry.terraform.io/hashicorp/aws\"]",
      "instances": [
        {
          "schema_version": 0,
          "attributes": {
            "arn": "arn:aws:ecs:us-east-1:021891607194:cluster/breiq-production-cluster",
            "configuration": [],
            "id": "arn:aws:ecs:us-east-1:021891607194:cluster/breiq-production-cluster",
            "name": "breiq-production-cluster",
            "service_connect_defaults": [],
            "setting": [
              {
                "name": "containerInsights",
                "value": "enabled"
              }
            ],
            "tags": {
              "Name": "breiq-production-cluster"
            },
            "tags_all": {
              "Account": "personal",
              "Environment": "production",
              "ManagedBy": "terraform",
              "Name": "breiq-production-cluster",
              "Project": "breiq",
              "Purpose": "breakdancing-mobile-platform"
            }
          },
          "sensitive_attributes": [],
          "private": "bnVsbA=="
        }
      ]
    },
    {
      "mode": "managed",
      "type": "aws_ecs_service",
      "name": "main",
      "provider": "provider[\"registry.terraform.io/hashicorp/aws\"]",
      "instances": [
        {
          "schema_version": 1,
          "attributes": {
            "alarms": [],
            "availability_zone_rebalancing": "DISABLED",
            "capacity_provider_strategy": [],
            "cluster": "arn:aws:ecs:us-east-1:021891607194:cluster/breiq-production-cluster",
            "deployment_circuit_breaker": [
              {
                "enable": false,
                "rollback": false
              }
            ],
            "deployment_controller": [
              {
                "type": "ECS"
              }
            ],
            "deployment_maximum_percent": 200,
            "deployment_minimum_healthy_percent": 100,
            "desired_count": 2,
            "enable_ecs_managed_tags": false,
            "enable_execute_command": true,
            "force_delete": null,
            "force_new_deployment": null,
            "health_check_grace_period_seconds": 0,
            "iam_role": "/aws-service-role/ecs.amazonaws.com/AWSServiceRoleForECS",
            "id": "arn:aws:ecs:us-east-1:021891607194:service/breiq-production-cluster/breiq-production-backend",
            "launch_type": "FARGATE",
            "load_balancer": [
              {
                "container_name": "breiq-backend",
                "container_port": 80,
                "elb_name": "",
                "target_group_arn": "arn:aws:elasticloadbalancing:us-east-1:021891607194:targetgroup/breiq-production-tg/af4ed7cb797c0cea"
              }
            ],
            "name": "breiq-production-backend",
            "network_configuration": [
              {
                "assign_public_ip": false,
                "security_groups": [
                  "sg-0bc1a53fef7657948"
                ],
                "subnets": [
                  "subnet-06c45c87043595399",
                  "subnet-0741673b157bc4269"
                ]
              }
            ],
            "ordered_placement_strategy": [],
            "placement_constraints": [],
            "platform_version": "LATEST",
            "propagate_tags": "NONE",
            "scheduling_strategy": "REPLICA",
            "service_connect_configuration": [],
            "service_registries": [],
            "tags": {
              "Name": "breiq-production-service"
            },
            "tags_all": {
              "Account": "personal",
              "Environment": "production",
              "ManagedBy": "terraform",
              "Name": "breiq-production-service",
              "Project": "breiq",
              "Purpose": "breakdancing-mobile-platform"
            },
            "task_definition": "arn:aws:ecs:us-east-1:021891607194:task-definition/breiq-production-backend:2",
            "timeouts": null,
            "triggers": {},
            "volume_configuration": [],
            "vpc_lattice_configurations": [],
            "wait_for_steady_state": false
          },
          "sensitive_attributes": [],
          "private": "eyJlMmJmYjczMC1lY2FhLTExZTYtOGY4OC0zNDM2M2JjN2M0YzAiOnsiY3JlYXRlIjoxMjAwMDAwMDAwMDAwLCJkZWxldGUiOjEyMDAwMDAwMDAwMDAsInVwZGF0ZSI6MTIwMDAwMDAwMDAwMH0sInNjaGVtYV92ZXJzaW9uIjoiMSJ9",
          "dependencies": [
            "aws_ecs_cluster.main",
            "aws_ecs_task_definition.main",
            "aws_iam_role.ecs_task_execution_role",
            "aws_iam_role.ecs_task_role",
            "aws_iam_role_policy_attachment.ecs_task_execution_role_policy",
            "aws_lb.main",
            "aws_lb_listener.main",
            "aws_lb_target_group.main",
            "aws_security_group.alb",
            "aws_security_group.ecs",
            "aws_subnet.private",
            "aws_subnet.public",
            "aws_vpc.main",
            "data.aws_availability_zones.available",
            "data.aws_caller_identity.current"
          ]
        }
      ]
    },
    {
      "mode": "managed",
      "type": "aws_ecs_task_definition",
      "name": "main",
      "provider": "provider[\"registry.terraform.io/hashicorp/aws\"]",
      "instances": [
        {
          "schema_version": 1,
          "attributes": {
            "arn": "arn:aws:ecs:us-east-1:021891607194:task-definition/breiq-production-backend:2",
            "arn_without_revision": "arn:aws:ecs:us-east-1:021891607194:task-definition/breiq-production-backend",
            "container_definitions": "[{\"environment\":[],\"essential\":true,\"healthCheck\":{\"command\":[\"CMD-SHELL\",\"curl -f http://localhost/api/health || exit 1\"],\"interval\":30,\"retries\":3,\"startPeriod\":60,\"timeout\":5},\"image\":\"021891607194.dkr.ecr.us-east-1.amazonaws.com/breiq-backend:latest\",\"logConfiguration\":{\"logDriver\":\"awslogs\",\"options\":{\"awslogs-group\":\"/ecs/breiq-production\",\"awslogs-region\":\"us-east-1\",\"awslogs-stream-prefix\":\"ecs\"}},\"mountPoints\":[],\"name\":\"breiq-backend\",\"portMappings\":[{\"containerPort\":80,\"hostPort\":80,\"protocol\":\"tcp\"}],\"systemControls\":[],\"volumesFrom\":[]}]",
            "cpu": "512",
            "enable_fault_injection": false,
            "ephemeral_storage": [],
            "execution_role_arn": "arn:aws:iam::021891607194:role/breiq-production-ecs-task-execution-role",
            "family": "breiq-production-backend",
            "id": "breiq-production-backend",
            "inference_accelerator": [],
            "ipc_mode": "",
            "memory": "1024",
            "network_mode": "awsvpc",
            "pid_mode": "",
            "placement_constraints": [],
            "proxy_configuration": [],
            "requires_compatibilities": [
              "FARGATE"
            ],
            "revision": 2,
            "runtime_platform": [],
            "skip_destroy": false,
            "tags": {
              "Name": "breiq-production-task-definition"
            },
            "tags_all": {
              "Account": "personal",
              "Environment": "production",
              "ManagedBy": "terraform",
              "Name": "breiq-production-task-definition",
              "Project": "breiq",
              "Purpose": "breakdancing-mobile-platform"
            },
            "task_role_arn": "arn:aws:iam::021891607194:role/breiq-production-ecs-task-role",
            "track_latest": false,
            "volume": []
          },
          "sensitive_attributes": [],
          "private": "eyJzY2hlbWFfdmVyc2lvbiI6IjEifQ==",
          "dependencies": [
            "aws_iam_role.ecs_task_execution_role",
            "aws_iam_role.ecs_task_role",
            "data.aws_caller_identity.current"
          ]
        }
      ]
    },
    {
      "mode": "managed",
      "type": "aws_eip",
      "name": "nat",
      "provider": "provider[\"registry.terraform.io/hashicorp/aws\"]",
      "instances": [
        {
          "schema_version": 0,
          "attributes": {
            "address": null,
            "allocation_id": "eipalloc-06ecbdc86aa375c1a",
            "arn": "arn:aws:ec2:us-east-1:021891607194:elastic-ip/eipalloc-06ecbdc86aa375c1a",
            "associate_with_private_ip": null,
            "association_id": "eipassoc-08431103307751fa4",
            "carrier_ip": "",
            "customer_owned_ip": "",
            "customer_owned_ipv4_pool": "",
            "domain": "vpc",
            "id": "eipalloc-06ecbdc86aa375c1a",
            "instance": "",
            "ipam_pool_id": null,
            "network_border_group": "us-east-1",
            "network_interface": "eni-066f4e520899cbea3",
            "private_dns": "ip-10-0-1-218.ec2.internal",
            "private_ip": "10.0.1.218",
            "ptr_record": "",
            "public_dns": "ec2-44-198-201-158.compute-1.amazonaws.com",
            "public_ip": "44.198.201.158",
            "public_ipv4_pool": "amazon",
            "tags": {
              "Name": "breiq-production-nat-eip"
            },
            "tags_all": {
              "Account": "personal",
              "Environment": "production",
              "ManagedBy": "terraform",
              "Name": "breiq-production-nat-eip",
              "Project": "breiq",
              "Purpose": "breakdancing-mobile-platform"
            },
            "timeouts": null,
            "vpc": true
          },
          "sensitive_attributes": [],
          "private": "eyJlMmJmYjczMC1lY2FhLTExZTYtOGY4OC0zNDM2M2JjN2M0YzAiOnsiZGVsZXRlIjoxODAwMDAwMDAwMDAsInJlYWQiOjkwMDAwMDAwMDAwMCwidXBkYXRlIjozMDAwMDAwMDAwMDB9fQ==",
          "dependencies": [
            "aws_internet_gateway.main",
            "aws_vpc.main"
          ]
        }
      ]
    },
    {
      "mode": "managed",
      "type": "aws_elasticache_cluster",
      "name": "main",
      "provider": "provider[\"registry.terraform.io/hashicorp/aws\"]",
      "instances": [
        {
          "schema_version": 0,
          "attributes": {
            "apply_immediately": null,
            "arn": "arn:aws:elasticache:us-east-1:021891607194:cluster:breiq-production-redis",
            "auto_minor_version_upgrade": "true",
            "availability_zone": "us-east-1b",
            "az_mode": "single-az",
            "cache_nodes": [
              {
                "address": "breiq-production-redis.9dc0gt.0001.use1.cache.amazonaws.com",
                "availability_zone": "us-east-1b",
                "id": "0001",
                "outpost_arn": "",
                "port": 6379
              }
            ],
            "cluster_address": null,
            "cluster_id": "breiq-production-redis",
            "configuration_endpoint": null,
            "engine": "redis",
            "engine_version": "7.1",
            "engine_version_actual": "7.1.0",
            "final_snapshot_identifier": null,
            "id": "breiq-production-redis",
            "ip_discovery": "ipv4",
            "log_delivery_configuration": [],
            "maintenance_window": "fri:07:30-fri:08:30",
            "network_type": "ipv4",
            "node_type": "cache.t4g.micro",
            "notification_topic_arn": null,
            "num_cache_nodes": 1,
            "outpost_mode": null,
            "parameter_group_name": "default.redis7",
            "port": 6379,
            "preferred_availability_zones": null,
            "preferred_outpost_arn": "",
            "replication_group_id": "",
            "security_group_ids": [
              "sg-00e8ccafad3f16886"
            ],
            "snapshot_arns": null,
            "snapshot_name": null,
            "snapshot_retention_limit": 0,
            "snapshot_window": "05:00-06:00",
            "subnet_group_name": "breiq-production-cache-subnet-group",
            "tags": {
              "Name": "breiq-production-redis"
            },
            "tags_all": {
              "Account": "personal",
              "Environment": "production",
              "ManagedBy": "terraform",
              "Name": "breiq-production-redis",
              "Project": "breiq",
              "Purpose": "breakdancing-mobile-platform"
            },
            "timeouts": null,
            "transit_encryption_enabled": false
          },
          "sensitive_attributes": [],
          "private": "eyJlMmJmYjczMC1lY2FhLTExZTYtOGY4OC0zNDM2M2JjN2M0YzAiOnsiY3JlYXRlIjoyNDAwMDAwMDAwMDAwLCJkZWxldGUiOjI0MDAwMDAwMDAwMDAsInVwZGF0ZSI6NDgwMDAwMDAwMDAwMH19",
          "dependencies": [
            "aws_elasticache_subnet_group.main",
            "aws_security_group.alb",
            "aws_security_group.ecs",
            "aws_security_group.redis",
            "aws_subnet.private",
            "aws_vpc.main",
            "data.aws_availability_zones.available"
          ]
        }
      ]
    },
    {
      "mode": "managed",
      "type": "aws_elasticache_subnet_group",
      "name": "main",
      "provider": "provider[\"registry.terraform.io/hashicorp/aws\"]",
      "instances": [
        {
          "schema_version": 0,
          "attributes": {
            "arn": "arn:aws:elasticache:us-east-1:021891607194:subnetgroup:breiq-production-cache-subnet-group",
            "description": "Managed by Terraform",
            "id": "breiq-production-cache-subnet-group",
            "name": "breiq-production-cache-subnet-group",
            "subnet_ids": [
              "subnet-06c45c87043595399",
              "subnet-0741673b157bc4269"
            ],
            "tags": {
              "Name": "breiq-production-cache-subnet-group"
            },
            "tags_all": {
              "Account": "personal",
              "Environment": "production",
              "ManagedBy": "terraform",
              "Name": "breiq-production-cache-subnet-group",
              "Project": "breiq",
              "Purpose": "breakdancing-mobile-platform"
            },
            "vpc_id": "vpc-0a1cba98169422e23"
          },
          "sensitive_attributes": [],
          "private": "bnVsbA==",
          "dependencies": [
            "aws_subnet.private",
            "aws_vpc.main",
            "data.aws_availability_zones.available"
          ]
        }
      ]
    },
    {
      "mode": "managed",
      "type": "aws_iam_role",
      "name": "ecs_task_execution_role",
      "provider": "provider[\"registry.terraform.io/hashicorp/aws\"]",
      "instances": [
        {
          "schema_version": 0,
          "attributes": {
            "arn": "arn:aws:iam::021891607194:role/breiq-production-ecs-task-execution-role",
            "assume_role_policy": "{\"Statement\":[{\"Action\":\"sts:AssumeRole\",\"Effect\":\"Allow\",\"Principal\":{\"Service\":\"ecs-tasks.amazonaws.com\"}}],\"Version\":\"2012-10-17\"}",
            "create_date": "2025-09-07T12:07:41Z",
            "description": "",
            "force_detach_policies": false,
            "id": "breiq-production-ecs-task-execution-role",
            "inline_policy": [],
            "managed_policy_arns": [
              "arn:aws:iam::aws:policy/service-role/AmazonECSTaskExecutionRolePolicy"
            ],
            "max_session_duration": 3600,
            "name": "breiq-production-ecs-task-execution-role",
            "name_prefix": "",
            "path": "/",
            "permissions_boundary": "",
            "tags": {
              "Name": "breiq-production-ecs-task-execution-role"
            },
            "tags_all": {
              "Account": "personal",
              "Environment": "production",
              "ManagedBy": "terraform",
              "Name": "breiq-production-ecs-task-execution-role",
              "Project": "breiq",
              "Purpose": "breakdancing-mobile-platform"
            },
            "unique_id": "AROAQKGGXNKNKZVDN3XIQ"
          },
          "sensitive_attributes": [],
          "private": "bnVsbA=="
        }
      ]
    },
    {
      "mode": "managed",
      "type": "aws_iam_role",
      "name": "ecs_task_role",
      "provider": "provider[\"registry.terraform.io/hashicorp/aws\"]",
      "instances": [
        {
          "schema_version": 0,
          "attributes": {
            "arn": "arn:aws:iam::021891607194:role/breiq-production-ecs-task-role",
            "assume_role_policy": "{\"Statement\":[{\"Action\":\"sts:AssumeRole\",\"Effect\":\"Allow\",\"Principal\":{\"Service\":\"ecs-tasks.amazonaws.com\"}}],\"Version\":\"2012-10-17\"}",
            "create_date": "2025-09-07T13:49:25Z",
            "description": "",
            "force_detach_policies": false,
            "id": "breiq-production-ecs-task-role",
            "inline_policy": [],
            "managed_policy_arns": [],
            "max_session_duration": 3600,
            "name": "breiq-production-ecs-task-role",
            "name_prefix": "",
            "path": "/",
            "permissions_boundary": "",
            "tags": {
              "Name": "breiq-production-ecs-task-role"
            },
            "tags_all": {
              "Account": "personal",
              "Environment": "production",
              "ManagedBy": "terraform",
              "Name": "breiq-production-ecs-task-role",
              "Project": "breiq",
              "Purpose": "breakdancing-mobile-platform"
            },
            "unique_id": "AROAQKGGXNKNHD5MXQ52H"
          },
          "sensitive_attributes": [],
          "private": "bnVsbA=="
        }
      ]
    },
    {
      "mode": "managed",
      "type": "aws_iam_role_policy",
      "name": "ecs_exec_policy",
      "provider": "provider[\"registry.terraform.io/hashicorp/aws\"]",
      "instances": [
        {
          "schema_version": 0,
          "attributes": {
            "id": "breiq-production-ecs-task-role:breiq-production-ecs-exec-policy",
            "name": "breiq-production-ecs-exec-policy",
            "name_prefix": "",
            "policy": "{\"Version\":\"2012-10-17\",\"Statement\":[{\"Action\":[\"ssmmessages:CreateControlChannel\",\"ssmmessages:CreateDataChannel\",\"ssmmessages:OpenControlChannel\",\"ssmmessages:OpenDataChannel\"],\"Effect\":\"Allow\",\"Resource\":\"*\"}]}",
            "role": "breiq-production-ecs-task-role"
          },
          "sensitive_attributes": [],
          "private": "bnVsbA==",
          "dependencies": [
            "aws_iam_role.ecs_task_role"
          ]
        }
      ]
    },
    {
      "mode": "managed",
      "type": "aws_iam_role_policy_attachment",
      "name": "ecs_task_execution_role_policy",
      "provider": "provider[\"registry.terraform.io/hashicorp/aws\"]",
      "instances": [
        {
          "schema_version": 0,
          "attributes": {
            "id": "breiq-production-ecs-task-execution-role-20250907120741876700000001",
            "policy_arn": "arn:aws:iam::aws:policy/service-role/AmazonECSTaskExecutionRolePolicy",
            "role": "breiq-production-ecs-task-execution-role"
          },
          "sensitive_attributes": [],
          "private": "bnVsbA==",
          "dependencies": [
            "aws_iam_role.ecs_task_execution_role"
          ]
        }
      ]
    },
    {
      "mode": "managed",
      "type": "aws_internet_gateway",
      "name": "main",
      "provider": "provider[\"registry.terraform.io/hashicorp/aws\"]",
      "instances": [
        {
          "schema_version": 0,
          "attributes": {
            "arn": "arn:aws:ec2:us-east-1:021891607194:internet-gateway/igw-0792051a1f517b37a",
            "id": "igw-0792051a1f517b37a",
            "owner_id": "021891607194",
            "tags": {
              "Name": "breiq-production-igw"
            },
            "tags_all": {
              "Account": "personal",
              "Environment": "production",
              "ManagedBy": "terraform",
              "Name": "breiq-production-igw",
              "Project": "breiq",
              "Purpose": "breakdancing-mobile-platform"
            },
            "timeouts": null,
            "vpc_id": "vpc-0a1cba98169422e23"
          },
          "sensitive_attributes": [],
          "private": "eyJlMmJmYjczMC1lY2FhLTExZTYtOGY4OC0zNDM2M2JjN2M0YzAiOnsiY3JlYXRlIjoxMjAwMDAwMDAwMDAwLCJkZWxldGUiOjEyMDAwMDAwMDAwMDAsInVwZGF0ZSI6MTIwMDAwMDAwMDAwMH19",
          "dependencies": [
            "aws_vpc.main"
          ]
        }
      ]
    },
    {
      "mode": "managed",
      "type": "aws_lb",
      "name": "main",
      "provider": "provider[\"registry.terraform.io/hashicorp/aws\"]",
      "instances": [
        {
          "schema_version": 0,
          "attributes": {
            "access_logs": [
              {
                "bucket": "",
                "enabled": false,
                "prefix": ""
              }
            ],
            "arn": "arn:aws:elasticloadbalancing:us-east-1:021891607194:loadbalancer/app/breiq-production-alb/89c7ccd3bf66b15f",
            "arn_suffix": "app/breiq-production-alb/89c7ccd3bf66b15f",
            "client_keep_alive": 3600,
            "connection_logs": [
              {
                "bucket": "",
                "enabled": false,
                "prefix": ""
              }
            ],
            "customer_owned_ipv4_pool": "",
            "desync_mitigation_mode": "defensive",
            "dns_name": "breiq-production-alb-1540379926.us-east-1.elb.amazonaws.com",
            "dns_record_client_routing_policy": null,
            "drop_invalid_header_fields": false,
            "enable_cross_zone_load_balancing": true,
            "enable_deletion_protection": false,
            "enable_http2": true,
            "enable_tls_version_and_cipher_suite_headers": false,
            "enable_waf_fail_open": false,
            "enable_xff_client_port": false,
            "enable_zonal_shift": false,
            "enforce_security_group_inbound_rules_on_private_link_traffic": "",
            "id": "arn:aws:elasticloadbalancing:us-east-1:021891607194:loadbalancer/app/breiq-production-alb/89c7ccd3bf66b15f",
            "idle_timeout": 60,
            "internal": false,
            "ip_address_type": "ipv4",
            "ipam_pools": [],
            "load_balancer_type": "application",
            "minimum_load_balancer_capacity": [],
            "name": "breiq-production-alb",
            "name_prefix": "",
            "preserve_host_header": false,
            "security_groups": [
              "sg-05591f0082cdf177e"
            ],
            "subnet_mapping": [
              {
                "allocation_id": "",
                "ipv6_address": "",
                "outpost_id": "",
                "private_ipv4_address": "",
                "subnet_id": "subnet-0358ac7e1108f7e97"
              },
              {
                "allocation_id": "",
                "ipv6_address": "",
                "outpost_id": "",
                "private_ipv4_address": "",
                "subnet_id": "subnet-081bb93af44cdfb3f"
              }
            ],
            "subnets": [
              "subnet-0358ac7e1108f7e97",
              "subnet-081bb93af44cdfb3f"
            ],
            "tags": {
              "Name": "breiq-production-alb"
            },
            "tags_all": {
              "Account": "personal",
              "Environment": "production",
              "ManagedBy": "terraform",
              "Name": "breiq-production-alb",
              "Project": "breiq",
              "Purpose": "breakdancing-mobile-platform"
            },
            "timeouts": null,
            "vpc_id": "vpc-0a1cba98169422e23",
            "xff_header_processing_mode": "append",
            "zone_id": "Z35SXDOTRQ7X7K"
          },
          "sensitive_attributes": [],
          "private": "eyJlMmJmYjczMC1lY2FhLTExZTYtOGY4OC0zNDM2M2JjN2M0YzAiOnsiY3JlYXRlIjo2MDAwMDAwMDAwMDAsImRlbGV0ZSI6NjAwMDAwMDAwMDAwLCJ1cGRhdGUiOjYwMDAwMDAwMDAwMH19",
          "dependencies": [
            "aws_security_group.alb",
            "aws_subnet.public",
            "aws_vpc.main",
            "data.aws_availability_zones.available"
          ]
        }
      ]
    },
    {
      "mode": "managed",
      "type": "aws_lb_listener",
      "name": "main",
      "provider": "provider[\"registry.terraform.io/hashicorp/aws\"]",
      "instances": [
        {
          "schema_version": 0,
          "attributes": {
            "alpn_policy": null,
            "arn": "arn:aws:elasticloadbalancing:us-east-1:021891607194:listener/app/breiq-production-alb/89c7ccd3bf66b15f/e2caf5b7d5b5f749",
            "certificate_arn": null,
            "default_action": [
              {
                "authenticate_cognito": [],
                "authenticate_oidc": [],
                "fixed_response": [],
                "forward": [],
                "order": 1,
                "redirect": [],
                "target_group_arn": "arn:aws:elasticloadbalancing:us-east-1:021891607194:targetgroup/breiq-production-tg/af4ed7cb797c0cea",
                "type": "forward"
              }
            ],
            "id": "arn:aws:elasticloadbalancing:us-east-1:021891607194:listener/app/breiq-production-alb/89c7ccd3bf66b15f/e2caf5b7d5b5f749",
            "load_balancer_arn": "arn:aws:elasticloadbalancing:us-east-1:021891607194:loadbalancer/app/breiq-production-alb/89c7ccd3bf66b15f",
            "mutual_authentication": [],
            "port": 80,
            "protocol": "HTTP",
            "routing_http_request_x_amzn_mtls_clientcert_header_name": null,
            "routing_http_request_x_amzn_mtls_clientcert_issuer_header_name": null,
            "routing_http_request_x_amzn_mtls_clientcert_leaf_header_name": null,
            "routing_http_request_x_amzn_mtls_clientcert_serial_number_header_name": null,
            "routing_http_request_x_amzn_mtls_clientcert_subject_header_name": null,
            "routing_http_request_x_amzn_mtls_clientcert_validity_header_name": null,
            "routing_http_request_x_amzn_tls_cipher_suite_header_name": null,
            "routing_http_request_x_amzn_tls_version_header_name": null,
            "routing_http_response_access_control_allow_credentials_header_value": "",
            "routing_http_response_access_control_allow_headers_header_value": "",
            "routing_http_response_access_control_allow_methods_header_value": "",
            "routing_http_response_access_control_allow_origin_header_value": "",
            "routing_http_response_access_control_expose_headers_header_value": "",
            "routing_http_response_access_control_max_age_header_value": "",
            "routing_http_response_content_security_policy_header_value": "",
            "routing_http_response_server_enabled": true,
            "routing_http_response_strict_transport_security_header_value": "",
            "routing_http_response_x_content_type_options_header_value": "",
            "routing_http_response_x_frame_options_header_value": "",
            "ssl_policy": "",
            "tags": {},
            "tags_all": {
              "Account": "personal",
              "Environment": "production",
              "ManagedBy": "terraform",
              "Project": "breiq",
              "Purpose": "breakdancing-mobile-platform"
            },
            "tcp_idle_timeout_seconds": null,
            "timeouts": null
          },
          "sensitive_attributes": [],
          "private": "eyJlMmJmYjczMC1lY2FhLTExZTYtOGY4OC0zNDM2M2JjN2M0YzAiOnsiY3JlYXRlIjozMDAwMDAwMDAwMDAsInVwZGF0ZSI6MzAwMDAwMDAwMDAwfX0=",
          "dependencies": [
            "aws_lb.main",
            "aws_lb_target_group.main",
            "aws_security_group.alb",
            "aws_subnet.public",
            "aws_vpc.main",
            "data.aws_availability_zones.available"
          ]
        }
      ]
    },
    {
      "mode": "managed",
      "type": "aws_lb_target_group",
      "name": "main",
      "provider": "provider[\"registry.terraform.io/hashicorp/aws\"]",
      "instances": [
        {
          "schema_version": 0,
          "attributes": {
            "arn": "arn:aws:elasticloadbalancing:us-east-1:021891607194:targetgroup/breiq-production-tg/af4ed7cb797c0cea",
            "arn_suffix": "targetgroup/breiq-production-tg/af4ed7cb797c0cea",
            "connection_termination": null,
            "deregistration_delay": "300",
            "health_check": [
              {
                "enabled": true,
                "healthy_threshold": 2,
                "interval": 30,
                "matcher": "200",
                "path": "/api/health",
                "port": "traffic-port",
                "protocol": "HTTP",
                "timeout": 5,
                "unhealthy_threshold": 2
              }
            ],
            "id": "arn:aws:elasticloadbalancing:us-east-1:021891607194:targetgroup/breiq-production-tg/af4ed7cb797c0cea",
            "ip_address_type": "ipv4",
            "lambda_multi_value_headers_enabled": false,
            "load_balancer_arns": [
              "arn:aws:elasticloadbalancing:us-east-1:021891607194:loadbalancer/app/breiq-production-alb/89c7ccd3bf66b15f"
            ],
            "load_balancing_algorithm_type": "round_robin",
            "load_balancing_anomaly_mitigation": "off",
            "load_balancing_cross_zone_enabled": "use_load_balancer_configuration",
            "name": "breiq-production-tg",
            "name_prefix": "",
            "port": 80,
            "preserve_client_ip": null,
            "protocol": "HTTP",
            "protocol_version": "HTTP1",
            "proxy_protocol_v2": false,
            "slow_start": 0,
            "stickiness": [
              {
                "cookie_duration": 86400,
                "cookie_name": "",
                "enabled": false,
                "type": "lb_cookie"
              }
            ],
            "tags": {
              "Name": "breiq-production-tg"
            },
            "tags_all": {
              "Account": "personal",
              "Environment": "production",
              "ManagedBy": "terraform",
              "Name": "breiq-production-tg",
              "Project": "breiq",
              "Purpose": "breakdancing-mobile-platform"
            },
            "target_failover": [
              {
                "on_deregistration": null,
                "on_unhealthy": null
              }
            ],
            "target_group_health": [
              {
                "dns_failover": [
                  {
                    "minimum_healthy_targets_count": "1",
                    "minimum_healthy_targets_percentage": "off"
                  }
                ],
                "unhealthy_state_routing": [
                  {
                    "minimum_healthy_targets_count": 1,
                    "minimum_healthy_targets_percentage": "off"
                  }
                ]
              }
            ],
            "target_health_state": [
              {
                "enable_unhealthy_connection_termination": null,
                "unhealthy_draining_interval": null
              }
            ],
            "target_type": "ip",
            "vpc_id": "vpc-0a1cba98169422e23"
          },
          "sensitive_attributes": [],
          "private": "bnVsbA==",
          "dependencies": [
            "aws_vpc.main"
          ]
        }
      ]
    },
    {
      "mode": "managed",
      "type": "aws_nat_gateway",
      "name": "main",
      "provider": "provider[\"registry.terraform.io/hashicorp/aws\"]",
      "instances": [
        {
          "schema_version": 0,
          "attributes": {
            "allocation_id": "eipalloc-06ecbdc86aa375c1a",
            "association_id": "eipassoc-08431103307751fa4",
            "connectivity_type": "public",
            "id": "nat-0b4ef4aac538cd6df",
            "network_interface_id": "eni-066f4e520899cbea3",
            "private_ip": "10.0.1.218",
            "public_ip": "44.198.201.158",
            "secondary_allocation_ids": [],
            "secondary_private_ip_address_count": 0,
            "secondary_private_ip_addresses": [],
            "subnet_id": "subnet-081bb93af44cdfb3f",
            "tags": {
              "Name": "breiq-production-nat"
            },
            "tags_all": {
              "Account": "personal",
              "Environment": "production",
              "ManagedBy": "terraform",
              "Name": "breiq-production-nat",
              "Project": "breiq",
              "Purpose": "breakdancing-mobile-platform"
            },
            "timeouts": null
          },
          "sensitive_attributes": [],
          "private": "eyJlMmJmYjczMC1lY2FhLTExZTYtOGY4OC0zNDM2M2JjN2M0YzAiOnsiY3JlYXRlIjo2MDAwMDAwMDAwMDAsImRlbGV0ZSI6MTgwMDAwMDAwMDAwMCwidXBkYXRlIjo2MDAwMDAwMDAwMDB9fQ==",
          "dependencies": [
            "aws_eip.nat",
            "aws_internet_gateway.main",
            "aws_subnet.public",
            "aws_vpc.main",
            "data.aws_availability_zones.available"
          ]
        }
      ]
    },
    {
      "mode": "managed",
      "type": "aws_route_table",
      "name": "private",
      "provider": "provider[\"registry.terraform.io/hashicorp/aws\"]",
      "instances": [
        {
          "schema_version": 0,
          "attributes": {
            "arn": "arn:aws:ec2:us-east-1:021891607194:route-table/rtb-00be8e1e97efc0255",
            "id": "rtb-00be8e1e97efc0255",
            "owner_id": "021891607194",
            "propagating_vgws": [],
            "route": [
              {
                "carrier_gateway_id": "",
                "cidr_block": "0.0.0.0/0",
                "core_network_arn": "",
                "destination_prefix_list_id": "",
                "egress_only_gateway_id": "",
                "gateway_id": "",
                "ipv6_cidr_block": "",
                "local_gateway_id": "",
                "nat_gateway_id": "nat-0b4ef4aac538cd6df",
                "network_interface_id": "",
                "transit_gateway_id": "",
                "vpc_endpoint_id": "",
                "vpc_peering_connection_id": ""
              }
            ],
            "tags": {
              "Name": "breiq-production-private-rt"
            },
            "tags_all": {
              "Account": "personal",
              "Environment": "production",
              "ManagedBy": "terraform",
              "Name": "breiq-production-private-rt",
              "Project": "breiq",
              "Purpose": "breakdancing-mobile-platform"
            },
            "timeouts": null,
            "vpc_id": "vpc-0a1cba98169422e23"
          },
          "sensitive_attributes": [],
          "private": "eyJlMmJmYjczMC1lY2FhLTExZTYtOGY4OC0zNDM2M2JjN2M0YzAiOnsiY3JlYXRlIjozMDAwMDAwMDAwMDAsImRlbGV0ZSI6MzAwMDAwMDAwMDAwLCJ1cGRhdGUiOjEyMDAwMDAwMDAwMH19",
          "dependencies": [
            "aws_eip.nat",
            "aws_internet_gateway.main",
            "aws_nat_gateway.main",
            "aws_subnet.public",
            "aws_vpc.main",
            "data.aws_availability_zones.available"
          ]
        }
      ]
    },
    {
      "mode": "managed",
      "type": "aws_route_table",
      "name": "public",
      "provider": "provider[\"registry.terraform.io/hashicorp/aws\"]",
      "instances": [
        {
          "schema_version": 0,
          "attributes": {
            "arn": "arn:aws:ec2:us-east-1:021891607194:route-table/rtb-0a9e1d44804b66789",
            "id": "rtb-0a9e1d44804b66789",
            "owner_id": "021891607194",
            "propagating_vgws": [],
            "route": [
              {
                "carrier_gateway_id": "",
                "cidr_block": "0.0.0.0/0",
                "core_network_arn": "",
                "destination_prefix_list_id": "",
                "egress_only_gateway_id": "",
                "gateway_id": "igw-0792051a1f517b37a",
                "ipv6_cidr_block": "",
                "local_gateway_id": "",
                "nat_gateway_id": "",
                "network_interface_id": "",
                "transit_gateway_id": "",
                "vpc_endpoint_id": "",
                "vpc_peering_connection_id": ""
              }
            ],
            "tags": {
              "Name": "breiq-production-public-rt"
            },
            "tags_all": {
              "Account": "personal",
              "Environment": "production",
              "ManagedBy": "terraform",
              "Name": "breiq-production-public-rt",
              "Project": "breiq",
              "Purpose": "breakdancing-mobile-platform"
            },
            "timeouts": null,
            "vpc_id": "vpc-0a1cba98169422e23"
          },
          "sensitive_attributes": [],
          "private": "eyJlMmJmYjczMC1lY2FhLTExZTYtOGY4OC0zNDM2M2JjN2M0YzAiOnsiY3JlYXRlIjozMDAwMDAwMDAwMDAsImRlbGV0ZSI6MzAwMDAwMDAwMDAwLCJ1cGRhdGUiOjEyMDAwMDAwMDAwMH19",
          "dependencies": [
            "aws_internet_gateway.main",
            "aws_vpc.main"
          ]
        }
      ]
    },
    {
      "mode": "managed",
      "type": "aws_route_table_association",
      "name": "private",
      "provider": "provider[\"registry.terraform.io/hashicorp/aws\"]",
      "instances": [
        {
          "index_key": 0,
          "schema_version": 0,
          "attributes": {
            "gateway_id": "",
            "id": "rtbassoc-052eb67f044609f5d",
            "route_table_id": "rtb-00be8e1e97efc0255",
            "subnet_id": "subnet-06c45c87043595399",
            "timeouts": null
          },
          "sensitive_attributes": [],
          "private": "eyJlMmJmYjczMC1lY2FhLTExZTYtOGY4OC0zNDM2M2JjN2M0YzAiOnsiY3JlYXRlIjozMDAwMDAwMDAwMDAsImRlbGV0ZSI6MzAwMDAwMDAwMDAwLCJ1cGRhdGUiOjEyMDAwMDAwMDAwMH19",
          "dependencies": [
            "aws_eip.nat",
            "aws_internet_gateway.main",
            "aws_nat_gateway.main",
            "aws_route_table.private",
            "aws_subnet.private",
            "aws_subnet.public",
            "aws_vpc.main",
            "data.aws_availability_zones.available"
          ]
        },
        {
          "index_key": 1,
          "schema_version": 0,
          "attributes": {
            "gateway_id": "",
            "id": "rtbassoc-0af435905a6d6785d",
            "route_table_id": "rtb-00be8e1e97efc0255",
            "subnet_id": "subnet-0741673b157bc4269",
            "timeouts": null
          },
          "sensitive_attributes": [],
          "private": "eyJlMmJmYjczMC1lY2FhLTExZTYtOGY4OC0zNDM2M2JjN2M0YzAiOnsiY3JlYXRlIjozMDAwMDAwMDAwMDAsImRlbGV0ZSI6MzAwMDAwMDAwMDAwLCJ1cGRhdGUiOjEyMDAwMDAwMDAwMH19",
          "dependencies": [
            "aws_eip.nat",
            "aws_internet_gateway.main",
            "aws_nat_gateway.main",
            "aws_route_table.private",
            "aws_subnet.private",
            "aws_subnet.public",
            "aws_vpc.main",
            "data.aws_availability_zones.available"
          ]
        }
      ]
    },
    {
      "mode": "managed",
      "type": "aws_route_table_association",
      "name": "public",
      "provider": "provider[\"registry.terraform.io/hashicorp/aws\"]",
      "instances": [
        {
          "index_key": 0,
          "schema_version": 0,
          "attributes": {
            "gateway_id": "",
            "id": "rtbassoc-001ebf682790d247f",
            "route_table_id": "rtb-0a9e1d44804b66789",
            "subnet_id": "subnet-081bb93af44cdfb3f",
            "timeouts": null
          },
          "sensitive_attributes": [],
          "private": "eyJlMmJmYjczMC1lY2FhLTExZTYtOGY4OC0zNDM2M2JjN2M0YzAiOnsiY3JlYXRlIjozMDAwMDAwMDAwMDAsImRlbGV0ZSI6MzAwMDAwMDAwMDAwLCJ1cGRhdGUiOjEyMDAwMDAwMDAwMH19",
          "dependencies": [
            "aws_internet_gateway.main",
            "aws_route_table.public",
            "aws_subnet.public",
            "aws_vpc.main",
            "data.aws_availability_zones.available"
          ]
        },
        {
          "index_key": 1,
          "schema_version": 0,
          "attributes": {
            "gateway_id": "",
            "id": "rtbassoc-0547b5858d2dd68d4",
            "route_table_id": "rtb-0a9e1d44804b66789",
            "subnet_id": "subnet-0358ac7e1108f7e97",
            "timeouts": null
          },
          "sensitive_attributes": [],
          "private": "eyJlMmJmYjczMC1lY2FhLTExZTYtOGY4OC0zNDM2M2JjN2M0YzAiOnsiY3JlYXRlIjozMDAwMDAwMDAwMDAsImRlbGV0ZSI6MzAwMDAwMDAwMDAwLCJ1cGRhdGUiOjEyMDAwMDAwMDAwMH19",
          "dependencies": [
            "aws_internet_gateway.main",
            "aws_route_table.public",
            "aws_subnet.public",
            "aws_vpc.main",
            "data.aws_availability_zones.available"
          ]
        }
      ]
    },
    {
      "mode": "managed",
      "type": "aws_s3_bucket",
      "name": "videos",
      "provider": "provider[\"registry.terraform.io/hashicorp/aws\"]",
      "instances": [
        {
          "schema_version": 0,
          "attributes": {
            "acceleration_status": "",
            "acl": null,
            "arn": "arn:aws:s3:::breiq-production-videos-bh3xujb8",
            "bucket": "breiq-production-videos-bh3xujb8",
            "bucket_domain_name": "breiq-production-videos-bh3xujb8.s3.amazonaws.com",
            "bucket_prefix": "",
            "bucket_regional_domain_name": "breiq-production-videos-bh3xujb8.s3.us-east-1.amazonaws.com",
            "cors_rule": [
              {
                "allowed_headers": [
                  "*"
                ],
                "allowed_methods": [
                  "POST",
                  "GET",
                  "HEAD",
                  "DELETE",
                  "PUT"
                ],
                "allowed_origins": [
                  "app://breiq",
                  "https://breiq.online"
                ],
                "expose_headers": [
                  "ETag"
                ],
                "max_age_seconds": 3000
              }
            ],
            "force_destroy": false,
            "grant": [
              {
                "id": "bc1d17e9e9a812b0e168c23df8e4b9d3bcc14b1cfcba41c11d3d52157ce62cde",
                "permissions": [
                  "FULL_CONTROL"
                ],
                "type": "CanonicalUser",
                "uri": ""
              }
            ],
            "hosted_zone_id": "Z3AQBSTGFYJSTF",
            "id": "breiq-production-videos-bh3xujb8",
            "lifecycle_rule": [],
            "logging": [],
            "object_lock_configuration": [],
            "object_lock_enabled": false,
            "policy": "",
            "region": "us-east-1",
            "replication_configuration": [],
            "request_payer": "BucketOwner",
            "server_side_encryption_configuration": [
              {
                "rule": [
                  {
                    "apply_server_side_encryption_by_default": [
                      {
                        "kms_master_key_id": "",
                        "sse_algorithm": "AES256"
                      }
                    ],
                    "bucket_key_enabled": false
                  }
                ]
              }
            ],
            "tags": {
              "Name": "breiq-production-videos"
            },
            "tags_all": {
              "Account": "personal",
              "Environment": "production",
              "ManagedBy": "terraform",
              "Name": "breiq-production-videos",
              "Project": "breiq",
              "Purpose": "breakdancing-mobile-platform"
            },
            "timeouts": null,
            "versioning": [
              {
                "enabled": false,
                "mfa_delete": false
              }
            ],
            "website": [],
            "website_domain": null,
            "website_endpoint": null
          },
          "sensitive_attributes": [],
          "private": "eyJlMmJmYjczMC1lY2FhLTExZTYtOGY4OC0zNDM2M2JjN2M0YzAiOnsiY3JlYXRlIjoxMjAwMDAwMDAwMDAwLCJkZWxldGUiOjM2MDAwMDAwMDAwMDAsInJlYWQiOjEyMDAwMDAwMDAwMDAsInVwZGF0ZSI6MTIwMDAwMDAwMDAwMH19",
          "dependencies": [
            "random_string.bucket_suffix"
          ]
        }
      ]
    },
    {
      "mode": "managed",
      "type": "aws_s3_bucket_cors_configuration",
      "name": "videos",
      "provider": "provider[\"registry.terraform.io/hashicorp/aws\"]",
      "instances": [
        {
          "schema_version": 0,
          "attributes": {
            "bucket": "breiq-production-videos-bh3xujb8",
            "cors_rule": [
              {
                "allowed_headers": [
                  "*"
                ],
                "allowed_methods": [
                  "DELETE",
                  "GET",
                  "HEAD",
                  "POST",
                  "PUT"
                ],
                "allowed_origins": [
                  "app://breiq",
                  "https://breiq.online"
                ],
                "expose_headers": [
                  "ETag"
                ],
                "id": "",
                "max_age_seconds": 3000
              }
            ],
            "expected_bucket_owner": "",
            "id": "breiq-production-videos-bh3xujb8"
          },
          "sensitive_attributes": [],
          "private": "bnVsbA==",
          "dependencies": [
            "aws_s3_bucket.videos",
            "random_string.bucket_suffix"
          ]
        }
      ]
    },
    {
      "mode": "managed",
      "type": "aws_s3_bucket_public_access_block",
      "name": "videos",
      "provider": "provider[\"registry.terraform.io/hashicorp/aws\"]",
      "instances": [
        {
          "schema_version": 0,
          "attributes": {
            "block_public_acls": false,
            "block_public_policy": false,
            "bucket": "breiq-production-videos-bh3xujb8",
            "id": "breiq-production-videos-bh3xujb8",
            "ignore_public_acls": false,
            "restrict_public_buckets": false
          },
          "sensitive_attributes": [],
          "private": "bnVsbA==",
          "dependencies": [
            "aws_s3_bucket.videos",
            "random_string.bucket_suffix"
          ]
        }
      ]
    },
    {
      "mode": "managed",
      "type": "aws_security_group",
      "name": "alb",
      "provider": "provider[\"registry.terraform.io/hashicorp/aws\"]",
      "instances": [
        {
          "schema_version": 1,
          "attributes": {
            "arn": "arn:aws:ec2:us-east-1:021891607194:security-group/sg-05591f0082cdf177e",
            "description": "Managed by Terraform",
            "egress": [
              {
                "cidr_blocks": [
                  "0.0.0.0/0"
                ],
                "description": "",
                "from_port": 0,
                "ipv6_cidr_blocks": [],
                "prefix_list_ids": [],
                "protocol": "-1",
                "security_groups": [],
                "self": false,
                "to_port": 0
              }
            ],
            "id": "sg-05591f0082cdf177e",
            "ingress": [
              {
                "cidr_blocks": [
                  "0.0.0.0/0"
                ],
                "description": "",
                "from_port": 443,
                "ipv6_cidr_blocks": [],
                "prefix_list_ids": [],
                "protocol": "tcp",
                "security_groups": [],
                "self": false,
                "to_port": 443
              },
              {
                "cidr_blocks": [
                  "0.0.0.0/0"
                ],
                "description": "",
                "from_port": 80,
                "ipv6_cidr_blocks": [],
                "prefix_list_ids": [],
                "protocol": "tcp",
                "security_groups": [],
                "self": false,
                "to_port": 80
              }
            ],
            "name": "breiq-production-alb-20250907095353424800000001",
            "name_prefix": "breiq-production-alb-",
            "owner_id": "021891607194",
            "revoke_rules_on_delete": false,
            "tags": {
              "Name": "breiq-production-alb-sg"
            },
            "tags_all": {
              "Account": "personal",
              "Environment": "production",
              "ManagedBy": "terraform",
              "Name": "breiq-production-alb-sg",
              "Project": "breiq",
              "Purpose": "breakdancing-mobile-platform"
            },
            "timeouts": null,
            "vpc_id": "vpc-0a1cba98169422e23"
          },
          "sensitive_attributes": [],
          "private": "eyJlMmJmYjczMC1lY2FhLTExZTYtOGY4OC0zNDM2M2JjN2M0YzAiOnsiY3JlYXRlIjo2MDAwMDAwMDAwMDAsImRlbGV0ZSI6OTAwMDAwMDAwMDAwfSwic2NoZW1hX3ZlcnNpb24iOiIxIn0=",
          "dependencies": [
            "aws_vpc.main"
          ]
        }
      ]
    },
    {
      "mode": "managed",
      "type": "aws_security_group",
      "name": "ecs",
      "provider": "provider[\"registry.terraform.io/hashicorp/aws\"]",
      "instances": [
        {
          "schema_version": 1,
          "attributes": {
            "arn": "arn:aws:ec2:us-east-1:021891607194:security-group/sg-0bc1a53fef7657948",
            "description": "Managed by Terraform",
            "egress": [
              {
                "cidr_blocks": [
                  "0.0.0.0/0"
                ],
                "description": "",
                "from_port": 0,
                "ipv6_cidr_blocks": [],
                "prefix_list_ids": [],
                "protocol": "-1",
                "security_groups": [],
                "self": false,
                "to_port": 0
              }
            ],
            "id": "sg-0bc1a53fef7657948",
            "ingress": [
              {
                "cidr_blocks": [],
                "description": "",
                "from_port": 80,
                "ipv6_cidr_blocks": [],
                "prefix_list_ids": [],
                "protocol": "tcp",
                "security_groups": [
                  "sg-05591f0082cdf177e"
                ],
                "self": false,
                "to_port": 80
              }
            ],
            "name": "breiq-production-ecs-20250907095357172800000003",
            "name_prefix": "breiq-production-ecs-",
            "owner_id": "021891607194",
            "revoke_rules_on_delete": false,
            "tags": {
              "Name": "breiq-production-ecs-sg"
            },
            "tags_all": {
              "Account": "personal",
              "Environment": "production",
              "ManagedBy": "terraform",
              "Name": "breiq-production-ecs-sg",
              "Project": "breiq",
              "Purpose": "breakdancing-mobile-platform"
            },
            "timeouts": null,
            "vpc_id": "vpc-0a1cba98169422e23"
          },
          "sensitive_attributes": [],
          "private": "eyJlMmJmYjczMC1lY2FhLTExZTYtOGY4OC0zNDM2M2JjN2M0YzAiOnsiY3JlYXRlIjo2MDAwMDAwMDAwMDAsImRlbGV0ZSI6OTAwMDAwMDAwMDAwfSwic2NoZW1hX3ZlcnNpb24iOiIxIn0=",
          "dependencies": [
            "aws_security_group.alb",
            "aws_vpc.main"
          ]
        }
      ]
    },
    {
      "mode": "managed",
      "type": "aws_security_group",
      "name": "rds",
      "provider": "provider[\"registry.terraform.io/hashicorp/aws\"]",
      "instances": [
        {
          "schema_version": 1,
          "attributes": {
            "arn": "arn:aws:ec2:us-east-1:021891607194:security-group/sg-0fbd9e404082e92f3",
            "description": "Managed by Terraform",
            "egress": [],
            "id": "sg-0fbd9e404082e92f3",
            "ingress": [
              {
                "cidr_blocks": [],
                "description": "",
                "from_port": 5432,
                "ipv6_cidr_blocks": [],
                "prefix_list_ids": [],
                "protocol": "tcp",
                "security_groups": [
                  "sg-0bc1a53fef7657948"
                ],
                "self": false,
                "to_port": 5432
              }
            ],
            "name": "breiq-production-rds-20250907095400695300000005",
            "name_prefix": "breiq-production-rds-",
            "owner_id": "021891607194",
            "revoke_rules_on_delete": false,
            "tags": {
              "Name": "breiq-production-rds-sg"
            },
            "tags_all": {
              "Account": "personal",
              "Environment": "production",
              "ManagedBy": "terraform",
              "Name": "breiq-production-rds-sg",
              "Project": "breiq",
              "Purpose": "breakdancing-mobile-platform"
            },
            "timeouts": null,
            "vpc_id": "vpc-0a1cba98169422e23"
          },
          "sensitive_attributes": [],
          "private": "eyJlMmJmYjczMC1lY2FhLTExZTYtOGY4OC0zNDM2M2JjN2M0YzAiOnsiY3JlYXRlIjo2MDAwMDAwMDAwMDAsImRlbGV0ZSI6OTAwMDAwMDAwMDAwfSwic2NoZW1hX3ZlcnNpb24iOiIxIn0=",
          "dependencies": [
            "aws_security_group.alb",
            "aws_security_group.ecs",
            "aws_vpc.main"
          ]
        }
      ]
    },
    {
      "mode": "managed",
      "type": "aws_security_group",
      "name": "redis",
      "provider": "provider[\"registry.terraform.io/hashicorp/aws\"]",
      "instances": [
        {
          "schema_version": 1,
          "attributes": {
            "arn": "arn:aws:ec2:us-east-1:021891607194:security-group/sg-00e8ccafad3f16886",
            "description": "Managed by Terraform",
            "egress": [],
            "id": "sg-00e8ccafad3f16886",
            "ingress": [
              {
                "cidr_blocks": [],
                "description": "",
                "from_port": 6379,
                "ipv6_cidr_blocks": [],
                "prefix_list_ids": [],
                "protocol": "tcp",
                "security_groups": [
                  "sg-0bc1a53fef7657948"
                ],
                "self": false,
                "to_port": 6379
              }
            ],
            "name": "breiq-production-redis-20250907095400695200000004",
            "name_prefix": "breiq-production-redis-",
            "owner_id": "021891607194",
            "revoke_rules_on_delete": false,
            "tags": {
              "Name": "breiq-production-redis-sg"
            },
            "tags_all": {
              "Account": "personal",
              "Environment": "production",
              "ManagedBy": "terraform",
              "Name": "breiq-production-redis-sg",
              "Project": "breiq",
              "Purpose": "breakdancing-mobile-platform"
            },
            "timeouts": null,
            "vpc_id": "vpc-0a1cba98169422e23"
          },
          "sensitive_attributes": [],
          "private": "eyJlMmJmYjczMC1lY2FhLTExZTYtOGY4OC0zNDM2M2JjN2M0YzAiOnsiY3JlYXRlIjo2MDAwMDAwMDAwMDAsImRlbGV0ZSI6OTAwMDAwMDAwMDAwfSwic2NoZW1hX3ZlcnNpb24iOiIxIn0=",
          "dependencies": [
            "aws_security_group.alb",
            "aws_security_group.ecs",
            "aws_vpc.main"
          ]
        }
      ]
    },
    {
      "mode": "managed",
      "type": "aws_subnet",
      "name": "private",
      "provider": "provider[\"registry.terraform.io/hashicorp/aws\"]",
      "instances": [
        {
          "index_key": 0,
          "schema_version": 1,
          "attributes": {
            "arn": "arn:aws:ec2:us-east-1:021891607194:subnet/subnet-06c45c87043595399",
            "assign_ipv6_address_on_creation": false,
            "availability_zone": "us-east-1a",
            "availability_zone_id": "use1-az1",
            "cidr_block": "10.0.10.0/24",
            "customer_owned_ipv4_pool": "",
            "enable_dns64": false,
            "enable_lni_at_device_index": 0,
            "enable_resource_name_dns_a_record_on_launch": false,
            "enable_resource_name_dns_aaaa_record_on_launch": false,
            "id": "subnet-06c45c87043595399",
            "ipv6_cidr_block": "",
            "ipv6_cidr_block_association_id": "",
            "ipv6_native": false,
            "map_customer_owned_ip_on_launch": false,
            "map_public_ip_on_launch": false,
            "outpost_arn": "",
            "owner_id": "021891607194",
            "private_dns_hostname_type_on_launch": "ip-name",
            "tags": {
              "Name": "breiq-production-private-1"
            },
            "tags_all": {
              "Account": "personal",
              "Environment": "production",
              "ManagedBy": "terraform",
              "Name": "breiq-production-private-1",
              "Project": "breiq",
              "Purpose": "breakdancing-mobile-platform"
            },
            "timeouts": null,
            "vpc_id": "vpc-0a1cba98169422e23"
          },
          "sensitive_attributes": [],
          "private": "eyJlMmJmYjczMC1lY2FhLTExZTYtOGY4OC0zNDM2M2JjN2M0YzAiOnsiY3JlYXRlIjo2MDAwMDAwMDAwMDAsImRlbGV0ZSI6MTIwMDAwMDAwMDAwMH0sInNjaGVtYV92ZXJzaW9uIjoiMSJ9",
          "dependencies": [
            "aws_vpc.main",
            "data.aws_availability_zones.available"
          ]
        },
        {
          "index_key": 1,
          "schema_version": 1,
          "attributes": {
            "arn": "arn:aws:ec2:us-east-1:021891607194:subnet/subnet-0741673b157bc4269",
            "assign_ipv6_address_on_creation": false,
            "availability_zone": "us-east-1b",
            "availability_zone_id": "use1-az2",
            "cidr_block": "10.0.11.0/24",
            "customer_owned_ipv4_pool": "",
            "enable_dns64": false,
            "enable_lni_at_device_index": 0,
            "enable_resource_name_dns_a_record_on_launch": false,
            "enable_resource_name_dns_aaaa_record_on_launch": false,
            "id": "subnet-0741673b157bc4269",
            "ipv6_cidr_block": "",
            "ipv6_cidr_block_association_id": "",
            "ipv6_native": false,
            "map_customer_owned_ip_on_launch": false,
            "map_public_ip_on_launch": false,
            "outpost_arn": "",
            "owner_id": "021891607194",
            "private_dns_hostname_type_on_launch": "ip-name",
            "tags": {
              "Name": "breiq-production-private-2"
            },
            "tags_all": {
              "Account": "personal",
              "Environment": "production",
              "ManagedBy": "terraform",
              "Name": "breiq-production-private-2",
              "Project": "breiq",
              "Purpose": "breakdancing-mobile-platform"
            },
            "timeouts": null,
            "vpc_id": "vpc-0a1cba98169422e23"
          },
          "sensitive_attributes": [],
          "private": "eyJlMmJmYjczMC1lY2FhLTExZTYtOGY4OC0zNDM2M2JjN2M0YzAiOnsiY3JlYXRlIjo2MDAwMDAwMDAwMDAsImRlbGV0ZSI6MTIwMDAwMDAwMDAwMH0sInNjaGVtYV92ZXJzaW9uIjoiMSJ9",
          "dependencies": [
            "aws_vpc.main",
            "data.aws_availability_zones.available"
          ]
        }
      ]
    },
    {
      "mode": "managed",
      "type": "aws_subnet",
      "name": "public",
      "provider": "provider[\"registry.terraform.io/hashicorp/aws\"]",
      "instances": [
        {
          "index_key": 0,
          "schema_version": 1,
          "attributes": {
            "arn": "arn:aws:ec2:us-east-1:021891607194:subnet/subnet-081bb93af44cdfb3f",
            "assign_ipv6_address_on_creation": false,
            "availability_zone": "us-east-1a",
            "availability_zone_id": "use1-az1",
            "cidr_block": "10.0.1.0/24",
            "customer_owned_ipv4_pool": "",
            "enable_dns64": false,
            "enable_lni_at_device_index": 0,
            "enable_resource_name_dns_a_record_on_launch": false,
            "enable_resource_name_dns_aaaa_record_on_launch": false,
            "id": "subnet-081bb93af44cdfb3f",
            "ipv6_cidr_block": "",
            "ipv6_cidr_block_association_id": "",
            "ipv6_native": false,
            "map_customer_owned_ip_on_launch": false,
            "map_public_ip_on_launch": true,
            "outpost_arn": "",
            "owner_id": "021891607194",
            "private_dns_hostname_type_on_launch": "ip-name",
            "tags": {
              "Name": "breiq-production-public-1"
            },
            "tags_all": {
              "Account": "personal",
              "Environment": "production",
              "ManagedBy": "terraform",
              "Name": "breiq-production-public-1",
              "Project": "breiq",
              "Purpose": "breakdancing-mobile-platform"
            },
            "timeouts": null,
            "vpc_id": "vpc-0a1cba98169422e23"
          },
          "sensitive_attributes": [],
          "private": "eyJlMmJmYjczMC1lY2FhLTExZTYtOGY4OC0zNDM2M2JjN2M0YzAiOnsiY3JlYXRlIjo2MDAwMDAwMDAwMDAsImRlbGV0ZSI6MTIwMDAwMDAwMDAwMH0sInNjaGVtYV92ZXJzaW9uIjoiMSJ9",
          "dependencies": [
            "aws_vpc.main",
            "data.aws_availability_zones.available"
          ]
        },
        {
          "index_key": 1,
          "schema_version": 1,
          "attributes": {
            "arn": "arn:aws:ec2:us-east-1:021891607194:subnet/subnet-0358ac7e1108f7e97",
            "assign_ipv6_address_on_creation": false,
            "availability_zone": "us-east-1b",
            "availability_zone_id": "use1-az2",
            "cidr_block": "10.0.2.0/24",
            "customer_owned_ipv4_pool": "",
            "enable_dns64": false,
            "enable_lni_at_device_index": 0,
            "enable_resource_name_dns_a_record_on_launch": false,
            "enable_resource_name_dns_aaaa_record_on_launch": false,
            "id": "subnet-0358ac7e1108f7e97",
            "ipv6_cidr_block": "",
            "ipv6_cidr_block_association_id": "",
            "ipv6_native": false,
            "map_customer_owned_ip_on_launch": false,
            "map_public_ip_on_launch": true,
            "outpost_arn": "",
            "owner_id": "021891607194",
            "private_dns_hostname_type_on_launch": "ip-name",
            "tags": {
              "Name": "breiq-production-public-2"
            },
            "tags_all": {
              "Account": "personal",
              "Environment": "production",
              "ManagedBy": "terraform",
              "Name": "breiq-production-public-2",
              "Project": "breiq",
              "Purpose": "breakdancing-mobile-platform"
            },
            "timeouts": null,
            "vpc_id": "vpc-0a1cba98169422e23"
          },
          "sensitive_attributes": [],
          "private": "eyJlMmJmYjczMC1lY2FhLTExZTYtOGY4OC0zNDM2M2JjN2M0YzAiOnsiY3JlYXRlIjo2MDAwMDAwMDAwMDAsImRlbGV0ZSI6MTIwMDAwMDAwMDAwMH0sInNjaGVtYV92ZXJzaW9uIjoiMSJ9",
          "dependencies": [
            "aws_vpc.main",
            "data.aws_availability_zones.available"
          ]
        }
      ]
    },
    {
      "mode": "managed",
      "type": "aws_vpc",
      "name": "main",
      "provider": "provider[\"registry.terraform.io/hashicorp/aws\"]",
      "instances": [
        {
          "schema_version": 1,
          "attributes": {
            "arn": "arn:aws:ec2:us-east-1:021891607194:vpc/vpc-0a1cba98169422e23",
            "assign_generated_ipv6_cidr_block": false,
            "cidr_block": "10.0.0.0/16",
            "default_network_acl_id": "acl-01a063335a04a9a11",
            "default_route_table_id": "rtb-099209cb90fe21f3e",
            "default_security_group_id": "sg-0db3702d65876caaf",
            "dhcp_options_id": "dopt-009f802b3e96d31b5",
            "enable_dns_hostnames": true,
            "enable_dns_support": true,
            "enable_network_address_usage_metrics": false,
            "id": "vpc-0a1cba98169422e23",
            "instance_tenancy": "default",
            "ipv4_ipam_pool_id": null,
            "ipv4_netmask_length": null,
            "ipv6_association_id": "",
            "ipv6_cidr_block": "",
            "ipv6_cidr_block_network_border_group": "",
            "ipv6_ipam_pool_id": "",
            "ipv6_netmask_length": 0,
            "main_route_table_id": "rtb-099209cb90fe21f3e",
            "owner_id": "021891607194",
            "tags": {
              "Name": "breiq-production-vpc"
            },
            "tags_all": {
              "Account": "personal",
              "Environment": "production",
              "ManagedBy": "terraform",
              "Name": "breiq-production-vpc",
              "Project": "breiq",
              "Purpose": "breakdancing-mobile-platform"
            }
          },
          "sensitive_attributes": [],
          "private": "eyJzY2hlbWFfdmVyc2lvbiI6IjEifQ=="
        }
      ]
    },
    {
      "mode": "managed",
      "type": "random_password",
      "name": "db_password",
      "provider": "provider[\"registry.terraform.io/hashicorp/random\"]",
      "instances": [
        {
          "schema_version": 3,
          "attributes": {
            "bcrypt_hash": "$2a$10$aeloMztkEFfKtwea8pizF.Soq5Z7BDkWQtxv/EmCjhkzn5Hl6FwaK",
            "id": "none",
            "keepers": null,
            "length": 20,
            "lower": true,
            "min_lower": 0,
            "min_numeric": 0,
            "min_special": 0,
            "min_upper": 0,
            "number": true,
            "numeric": true,
            "override_special": "!#$%\u0026*()-_=+[]{}\u003c\u003e:?",
            "result": "e-nTP5H2sqAtSS*\u003cPtl3",
            "special": true,
            "upper": true
          },
          "sensitive_attributes": [
            [
              {
                "type": "get_attr",
                "value": "result"
              }
            ],
            [
              {
                "type": "get_attr",
                "value": "bcrypt_hash"
              }
            ]
          ]
        }
      ]
    },
    {
      "mode": "managed",
      "type": "random_string",
      "name": "bucket_suffix",
      "provider": "provider[\"registry.terraform.io/hashicorp/random\"]",
      "instances": [
        {
          "schema_version": 2,
          "attributes": {
            "id": "bh3xujb8",
            "keepers": null,
            "length": 8,
            "lower": true,
            "min_lower": 0,
            "min_numeric": 0,
            "min_special": 0,
            "min_upper": 0,
            "number": true,
            "numeric": true,
            "override_special": null,
            "result": "bh3xujb8",
            "special": false,
            "upper": false
          },
          "sensitive_attributes": []
        }
      ]
    }
  ],
  "check_results": [
    {
      "object_kind": "var",
      "config_addr": "var.cache_num_nodes",
      "status": "unknown",
      "objects": [
        {
          "object_addr": "var.cache_num_nodes",
          "status": "unknown"
        }
      ]
    },
    {
      "object_kind": "var",
      "config_addr": "var.db_instance_class",
      "status": "unknown",
      "objects": [
        {
          "object_addr": "var.db_instance_class",
          "status": "unknown"
        }
      ]
    },
    {
      "object_kind": "var",
      "config_addr": "var.db_backup_retention_days",
      "status": "unknown",
      "objects": [
        {
          "object_addr": "var.db_backup_retention_days",
          "status": "unknown"
        }
      ]
    },
    {
      "object_kind": "var",
      "config_addr": "var.alert_email",
      "status": "unknown",
      "objects": [
        {
          "object_addr": "var.alert_email",
          "status": "unknown"
        }
      ]
    },
    {
      "object_kind": "var",
      "config_addr": "var.ecs_cpu",
      "status": "pass",
      "objects": [
        {
          "object_addr": "var.ecs_cpu",
          "status": "pass"
        }
      ]
    },
    {
      "object_kind": "var",
      "config_addr": "var.cache_node_type",
      "status": "unknown",
      "objects": [
        {
          "object_addr": "var.cache_node_type",
          "status": "unknown"
        }
      ]
    },
    {
      "object_kind": "var",
      "config_addr": "var.environment",
      "status": "pass",
      "objects": [
        {
          "object_addr": "var.environment",
          "status": "pass"
        }
      ]
    },
    {
      "object_kind": "var",
      "config_addr": "var.aws_region",
      "status": "pass",
      "objects": [
        {
          "object_addr": "var.aws_region",
          "status": "pass"
        }
      ]
    },
    {
      "object_kind": "var",
      "config_addr": "var.ecs_memory",
      "status": "pass",
      "objects": [
        {
          "object_addr": "var.ecs_memory",
          "status": "pass"
        }
      ]
    },
    {
      "object_kind": "var",
      "config_addr": "var.ecs_desired_count",
      "status": "pass",
      "objects": [
        {
          "object_addr": "var.ecs_desired_count",
          "status": "pass"
        }
      ]
    },
    {
      "object_kind": "var",
      "config_addr": "var.aws_profile",
      "status": "pass",
      "objects": [
        {
          "object_addr": "var.aws_profile",
          "status": "pass"
        }
      ]
    },
    {
      "object_kind": "var",
      "config_addr": "var.project_name",
      "status": "pass",
      "objects": [
        {
          "object_addr": "var.project_name",
          "status": "pass"
        }
      ]
    }
  ]
}
